
Microsoft Visual Studio Solution File, Format Version 12.00
# Visual Studio Version 17
VisualStudioVersion = 17.3.32811.315
MinimumVisualStudioVersion = 10.0.40219.1
Project("{FAE04EC0-301F-11D3-BF4B-00C04F79EFBC}") = "Management.API", "Management.API\Management.API.csproj", "{31CC33FD-439C-47F7-A730-9C0667CFD033}"
EndProject
Project("{FAE04EC0-301F-11D3-BF4B-00C04F79EFBC}") = "Management.Domain", "Management.Domain\Management.Domain.csproj", "{DDCB5592-EA75-40E3-86B1-B10728928775}"
EndProject
Project("{FAE04EC0-301F-11D3-BF4B-00C04F79EFBC}") = "Management.Infraestructure", "Management.Infraestructure\Management.Infraestructure.csproj", "{1EDA69FA-78E8-4CF5-AC57-37AA3410E275}"
EndProject
Project("{FAE04EC0-301F-11D3-BF4B-00C04F79EFBC}") = "Management.Services", "Management.Services\Management.Services.csproj", "{9DBAF09B-6EAF-43CE-A780-3CF4F9489832}"
EndProject
Global
	GlobalSection(SolutionConfigurationPlatforms) = preSolution
		Debug|Any CPU = Debug|Any CPU
		Release|Any CPU = Release|Any CPU
	EndGlobalSection
	GlobalSection(ProjectConfigurationPlatforms) = postSolution
		{31CC33FD-439C-47F7-A730-9C0667CFD033}.Debug|Any CPU.ActiveCfg = Debug|Any CPU
		{31CC33FD-439C-47F7-A730-9C0667CFD033}.Debug|Any CPU.Build.0 = Debug|Any CPU
		{31CC33FD-439C-47F7-A730-9C0667CFD033}.Release|Any CPU.ActiveCfg = Release|Any CPU
		{31CC33FD-439C-47F7-A730-9C0667CFD033}.Release|Any CPU.Build.0 = Release|Any CPU
		{DDCB5592-EA75-40E3-86B1-B10728928775}.Debug|Any CPU.ActiveCfg = Debug|Any CPU
		{DDCB5592-EA75-40E3-86B1-B10728928775}.Debug|Any CPU.Build.0 = Debug|Any CPU
		{DDCB5592-EA75-40E3-86B1-B10728928775}.Release|Any CPU.ActiveCfg = Release|Any CPU
		{DDCB5592-EA75-40E3-86B1-B10728928775}.Release|Any CPU.Build.0 = Release|Any CPU
		{1EDA69FA-78E8-4CF5-AC57-37AA3410E275}.Debug|Any CPU.ActiveCfg = Debug|Any CPU
		{1EDA69FA-78E8-4CF5-AC57-37AA3410E275}.Debug|Any CPU.Build.0 = Debug|Any CPU
		{1EDA69FA-78E8-4CF5-AC57-37AA3410E275}.Release|Any CPU.ActiveCfg = Release|Any CPU
		{1EDA69FA-78E8-4CF5-AC57-37AA3410E275}.Release|Any CPU.Build.0 = Release|Any CPU
		{9DBAF09B-6EAF-43CE-A780-3CF4F9489832}.Debug|Any CPU.ActiveCfg = Debug|Any CPU
		{9DBAF09B-6EAF-43CE-A780-3CF4F9489832}.Debug|Any CPU.Build.0 = Debug|Any CPU
		{9DBAF09B-6EAF-43CE-A780-3CF4F9489832}.Release|Any CPU.ActiveCfg = Release|Any CPU
		{9DBAF09B-6EAF-43CE-A780-3CF4F9489832}.Release|Any CPU.Build.0 = Release|Any CPU
	EndGlobalSection
	GlobalSection(SolutionProperties) = preSolution
		HideSolutionNode = FALSE
	EndGlobalSection
	GlobalSection(ExtensibilityGlobals) = postSolution
		SolutionGuid = {A7899D7E-CD17-4695-8126-C257117259A4}
	EndGlobalSection
EndGlobal
